
Microsoft Visual Studio Solution File, Format Version 12.00
# Visual Studio Version 17
VisualStudioVersion = 17.5.33516.290
MinimumVisualStudioVersion = 10.0.40219.1
Project("{FAE04EC0-301F-11D3-BF4B-00C04F79EFBC}") = "Clase06", "Clase06\Clase06.csproj", "{088E4A68-C1F4-4CE1-8C54-3630B94DF1AB}"
EndProject
Global
	GlobalSection(SolutionConfigurationPlatforms) = preSolution
		Debug|Any CPU = Debug|Any CPU
		Release|Any CPU = Release|Any CPU
	EndGlobalSection
	GlobalSection(ProjectConfigurationPlatforms) = postSolution
		{088E4A68-C1F4-4CE1-8C54-3630B94DF1AB}.Debug|Any CPU.ActiveCfg = Debug|Any CPU
		{088E4A68-C1F4-4CE1-8C54-3630B94DF1AB}.Debug|Any CPU.Build.0 = Debug|Any CPU
		{088E4A68-C1F4-4CE1-8C54-3630B94DF1AB}.Release|Any CPU.ActiveCfg = Release|Any CPU
		{088E4A68-C1F4-4CE1-8C54-3630B94DF1AB}.Release|Any CPU.Build.0 = Release|Any CPU
	EndGlobalSection
	GlobalSection(SolutionProperties) = preSolution
		HideSolutionNode = FALSE
	EndGlobalSection
	GlobalSection(ExtensibilityGlobals) = postSolution
		SolutionGuid = {5C68BF49-1E23-432B-B525-A886FDDFE6FB}
	EndGlobalSection
EndGlobal
