
Microsoft Visual Studio Solution File, Format Version 12.00
# Visual Studio Version 17
VisualStudioVersion = 17.5.33516.290
MinimumVisualStudioVersion = 10.0.40219.1
Project("{FAE04EC0-301F-11D3-BF4B-00C04F79EFBC}") = "Ejercicio I02 - Calculadora de formas", "Ejercicio I02 - Calculadora de formas\Ejercicio I02 - Calculadora de formas.csproj", "{409B76B9-DC8F-43E5-AA73-699477A6EA46}"
EndProject
Global
	GlobalSection(SolutionConfigurationPlatforms) = preSolution
		Debug|Any CPU = Debug|Any CPU
		Release|Any CPU = Release|Any CPU
	EndGlobalSection
	GlobalSection(ProjectConfigurationPlatforms) = postSolution
		{409B76B9-DC8F-43E5-AA73-699477A6EA46}.Debug|Any CPU.ActiveCfg = Debug|Any CPU
		{409B76B9-DC8F-43E5-AA73-699477A6EA46}.Debug|Any CPU.Build.0 = Debug|Any CPU
		{409B76B9-DC8F-43E5-AA73-699477A6EA46}.Release|Any CPU.ActiveCfg = Release|Any CPU
		{409B76B9-DC8F-43E5-AA73-699477A6EA46}.Release|Any CPU.Build.0 = Release|Any CPU
	EndGlobalSection
	GlobalSection(SolutionProperties) = preSolution
		HideSolutionNode = FALSE
	EndGlobalSection
	GlobalSection(ExtensibilityGlobals) = postSolution
		SolutionGuid = {40E1BC43-C77B-47EC-A044-3823B41DF32B}
	EndGlobalSection
EndGlobal
