
Microsoft Visual Studio Solution File, Format Version 12.00
# Visual Studio Version 17
VisualStudioVersion = 17.5.33516.290
MinimumVisualStudioVersion = 10.0.40219.1
Project("{FAE04EC0-301F-11D3-BF4B-00C04F79EFBC}") = "Clase03", "Clase03\Clase03.csproj", "{987DE5D4-5408-4066-A828-935E9A86BA24}"
EndProject
Project("{FAE04EC0-301F-11D3-BF4B-00C04F79EFBC}") = "Entidades", "Entidades\Entidades.csproj", "{57D98366-ACD0-460A-93DB-B674F19A613A}"
EndProject
Global
	GlobalSection(SolutionConfigurationPlatforms) = preSolution
		Debug|Any CPU = Debug|Any CPU
		Release|Any CPU = Release|Any CPU
	EndGlobalSection
	GlobalSection(ProjectConfigurationPlatforms) = postSolution
		{987DE5D4-5408-4066-A828-935E9A86BA24}.Debug|Any CPU.ActiveCfg = Debug|Any CPU
		{987DE5D4-5408-4066-A828-935E9A86BA24}.Debug|Any CPU.Build.0 = Debug|Any CPU
		{987DE5D4-5408-4066-A828-935E9A86BA24}.Release|Any CPU.ActiveCfg = Release|Any CPU
		{987DE5D4-5408-4066-A828-935E9A86BA24}.Release|Any CPU.Build.0 = Release|Any CPU
		{57D98366-ACD0-460A-93DB-B674F19A613A}.Debug|Any CPU.ActiveCfg = Debug|Any CPU
		{57D98366-ACD0-460A-93DB-B674F19A613A}.Debug|Any CPU.Build.0 = Debug|Any CPU
		{57D98366-ACD0-460A-93DB-B674F19A613A}.Release|Any CPU.ActiveCfg = Release|Any CPU
		{57D98366-ACD0-460A-93DB-B674F19A613A}.Release|Any CPU.Build.0 = Release|Any CPU
	EndGlobalSection
	GlobalSection(SolutionProperties) = preSolution
		HideSolutionNode = FALSE
	EndGlobalSection
	GlobalSection(ExtensibilityGlobals) = postSolution
		SolutionGuid = {58731A61-EA8D-439E-9487-615E59A665D9}
	EndGlobalSection
EndGlobal
