
Microsoft Visual Studio Solution File, Format Version 12.00
# Visual Studio Version 17
VisualStudioVersion = 17.6.33801.468
MinimumVisualStudioVersion = 10.0.40219.1
Project("{FAE04EC0-301F-11D3-BF4B-00C04F79EFBC}") = "Clase 16 - Base de datos", "Clase 16 - Base de datos\Clase 16 - Base de datos.csproj", "{D6494986-2B57-43B6-9DF4-05BE290729AA}"
EndProject
Project("{FAE04EC0-301F-11D3-BF4B-00C04F79EFBC}") = "Entidades", "Entidades\Entidades.csproj", "{DE2A58F7-6299-4B5F-9D35-F06CEFD8E8CA}"
EndProject
Global
	GlobalSection(SolutionConfigurationPlatforms) = preSolution
		Debug|Any CPU = Debug|Any CPU
		Release|Any CPU = Release|Any CPU
	EndGlobalSection
	GlobalSection(ProjectConfigurationPlatforms) = postSolution
		{D6494986-2B57-43B6-9DF4-05BE290729AA}.Debug|Any CPU.ActiveCfg = Debug|Any CPU
		{D6494986-2B57-43B6-9DF4-05BE290729AA}.Debug|Any CPU.Build.0 = Debug|Any CPU
		{D6494986-2B57-43B6-9DF4-05BE290729AA}.Release|Any CPU.ActiveCfg = Release|Any CPU
		{D6494986-2B57-43B6-9DF4-05BE290729AA}.Release|Any CPU.Build.0 = Release|Any CPU
		{DE2A58F7-6299-4B5F-9D35-F06CEFD8E8CA}.Debug|Any CPU.ActiveCfg = Debug|Any CPU
		{DE2A58F7-6299-4B5F-9D35-F06CEFD8E8CA}.Debug|Any CPU.Build.0 = Debug|Any CPU
		{DE2A58F7-6299-4B5F-9D35-F06CEFD8E8CA}.Release|Any CPU.ActiveCfg = Release|Any CPU
		{DE2A58F7-6299-4B5F-9D35-F06CEFD8E8CA}.Release|Any CPU.Build.0 = Release|Any CPU
	EndGlobalSection
	GlobalSection(SolutionProperties) = preSolution
		HideSolutionNode = FALSE
	EndGlobalSection
	GlobalSection(ExtensibilityGlobals) = postSolution
		SolutionGuid = {F016483B-85B4-4CEA-80CF-A9B267E4B6A5}
	EndGlobalSection
EndGlobal
