
Microsoft Visual Studio Solution File, Format Version 12.00
# Visual Studio Version 17
VisualStudioVersion = 17.5.33516.290
MinimumVisualStudioVersion = 10.0.40219.1
Project("{FAE04EC0-301F-11D3-BF4B-00C04F79EFBC}") = "Ejercicio 22 - Conversor", "Ejercicio 22 - Conversor\Ejercicio 22 - Conversor.csproj", "{74538966-5DDE-4FD2-93AB-CB0C4C54FCBF}"
EndProject
Project("{FAE04EC0-301F-11D3-BF4B-00C04F79EFBC}") = "Entidades", "Entidades\Entidades.csproj", "{561888A8-5DA2-4681-8B53-CEF44C180523}"
EndProject
Global
	GlobalSection(SolutionConfigurationPlatforms) = preSolution
		Debug|Any CPU = Debug|Any CPU
		Release|Any CPU = Release|Any CPU
	EndGlobalSection
	GlobalSection(ProjectConfigurationPlatforms) = postSolution
		{74538966-5DDE-4FD2-93AB-CB0C4C54FCBF}.Debug|Any CPU.ActiveCfg = Debug|Any CPU
		{74538966-5DDE-4FD2-93AB-CB0C4C54FCBF}.Debug|Any CPU.Build.0 = Debug|Any CPU
		{74538966-5DDE-4FD2-93AB-CB0C4C54FCBF}.Release|Any CPU.ActiveCfg = Release|Any CPU
		{74538966-5DDE-4FD2-93AB-CB0C4C54FCBF}.Release|Any CPU.Build.0 = Release|Any CPU
		{561888A8-5DA2-4681-8B53-CEF44C180523}.Debug|Any CPU.ActiveCfg = Debug|Any CPU
		{561888A8-5DA2-4681-8B53-CEF44C180523}.Debug|Any CPU.Build.0 = Debug|Any CPU
		{561888A8-5DA2-4681-8B53-CEF44C180523}.Release|Any CPU.ActiveCfg = Release|Any CPU
		{561888A8-5DA2-4681-8B53-CEF44C180523}.Release|Any CPU.Build.0 = Release|Any CPU
	EndGlobalSection
	GlobalSection(SolutionProperties) = preSolution
		HideSolutionNode = FALSE
	EndGlobalSection
	GlobalSection(ExtensibilityGlobals) = postSolution
		SolutionGuid = {127F0865-3B21-4EAD-839C-8E1F5E360F5E}
	EndGlobalSection
EndGlobal
