
Microsoft Visual Studio Solution File, Format Version 12.00
# Visual Studio Version 17
VisualStudioVersion = 17.5.33516.290
MinimumVisualStudioVersion = 10.0.40219.1
Project("{FAE04EC0-301F-11D3-BF4B-00C04F79EFBC}") = "Parcial Competencias", "Parcial Competencias\Parcial Competencias.csproj", "{1E54F06D-139D-4053-AC0D-12AB5ACB6A6E}"
EndProject
Project("{FAE04EC0-301F-11D3-BF4B-00C04F79EFBC}") = "Entidades", "Entidades\Entidades.csproj", "{17629E39-4D49-4966-A305-1D0627379BE0}"
EndProject
Global
	GlobalSection(SolutionConfigurationPlatforms) = preSolution
		Debug|Any CPU = Debug|Any CPU
		Release|Any CPU = Release|Any CPU
	EndGlobalSection
	GlobalSection(ProjectConfigurationPlatforms) = postSolution
		{1E54F06D-139D-4053-AC0D-12AB5ACB6A6E}.Debug|Any CPU.ActiveCfg = Debug|Any CPU
		{1E54F06D-139D-4053-AC0D-12AB5ACB6A6E}.Debug|Any CPU.Build.0 = Debug|Any CPU
		{1E54F06D-139D-4053-AC0D-12AB5ACB6A6E}.Release|Any CPU.ActiveCfg = Release|Any CPU
		{1E54F06D-139D-4053-AC0D-12AB5ACB6A6E}.Release|Any CPU.Build.0 = Release|Any CPU
		{17629E39-4D49-4966-A305-1D0627379BE0}.Debug|Any CPU.ActiveCfg = Debug|Any CPU
		{17629E39-4D49-4966-A305-1D0627379BE0}.Debug|Any CPU.Build.0 = Debug|Any CPU
		{17629E39-4D49-4966-A305-1D0627379BE0}.Release|Any CPU.ActiveCfg = Release|Any CPU
		{17629E39-4D49-4966-A305-1D0627379BE0}.Release|Any CPU.Build.0 = Release|Any CPU
	EndGlobalSection
	GlobalSection(SolutionProperties) = preSolution
		HideSolutionNode = FALSE
	EndGlobalSection
	GlobalSection(ExtensibilityGlobals) = postSolution
		SolutionGuid = {1CC3E716-BD8A-4631-9749-A3D35156904E}
	EndGlobalSection
EndGlobal
