
Microsoft Visual Studio Solution File, Format Version 12.00
# Visual Studio Version 17
VisualStudioVersion = 17.6.33829.357
MinimumVisualStudioVersion = 10.0.40219.1
Project("{FAE04EC0-301F-11D3-BF4B-00C04F79EFBC}") = "PP_Centro_Atencion", "PP_Centro_Atencion\PP_Centro_Atencion.csproj", "{DDC4CAC3-33CA-478F-BC5C-559ED407F031}"
EndProject
Global
	GlobalSection(SolutionConfigurationPlatforms) = preSolution
		Debug|Any CPU = Debug|Any CPU
		Release|Any CPU = Release|Any CPU
	EndGlobalSection
	GlobalSection(ProjectConfigurationPlatforms) = postSolution
		{DDC4CAC3-33CA-478F-BC5C-559ED407F031}.Debug|Any CPU.ActiveCfg = Debug|Any CPU
		{DDC4CAC3-33CA-478F-BC5C-559ED407F031}.Debug|Any CPU.Build.0 = Debug|Any CPU
		{DDC4CAC3-33CA-478F-BC5C-559ED407F031}.Release|Any CPU.ActiveCfg = Release|Any CPU
		{DDC4CAC3-33CA-478F-BC5C-559ED407F031}.Release|Any CPU.Build.0 = Release|Any CPU
	EndGlobalSection
	GlobalSection(SolutionProperties) = preSolution
		HideSolutionNode = FALSE
	EndGlobalSection
	GlobalSection(ExtensibilityGlobals) = postSolution
		SolutionGuid = {FA89EA7C-A3C5-4E47-8E23-AB05526EEAF3}
	EndGlobalSection
EndGlobal
